
Microsoft Visual Studio Solution File, Format Version 12.00
# Visual Studio Version 17
VisualStudioVersion = 17.0.31912.275
MinimumVisualStudioVersion = 10.0.40219.1
Project("{FAE04EC0-301F-11D3-BF4B-00C04F79EFBC}") = "Scheduler.WorkerService", "Scheduler.WorkerService\Scheduler.WorkerService.csproj", "{4D66AFFE-2FDB-4976-9F6F-A6BEC4F7D3C8}"
EndProject
Global
	GlobalSection(SolutionConfigurationPlatforms) = preSolution
		Debug|Any CPU = Debug|Any CPU
		Release|Any CPU = Release|Any CPU
	EndGlobalSection
	GlobalSection(ProjectConfigurationPlatforms) = postSolution
		{4D66AFFE-2FDB-4976-9F6F-A6BEC4F7D3C8}.Debug|Any CPU.ActiveCfg = Debug|Any CPU
		{4D66AFFE-2FDB-4976-9F6F-A6BEC4F7D3C8}.Debug|Any CPU.Build.0 = Debug|Any CPU
		{4D66AFFE-2FDB-4976-9F6F-A6BEC4F7D3C8}.Release|Any CPU.ActiveCfg = Release|Any CPU
		{4D66AFFE-2FDB-4976-9F6F-A6BEC4F7D3C8}.Release|Any CPU.Build.0 = Release|Any CPU
	EndGlobalSection
	GlobalSection(SolutionProperties) = preSolution
		HideSolutionNode = FALSE
	EndGlobalSection
	GlobalSection(ExtensibilityGlobals) = postSolution
		SolutionGuid = {E519C252-CCF7-4E5E-A8A1-BD7A18E8E2E6}
	EndGlobalSection
EndGlobal
